// !$*UTF8*$!
{
	archiveVersion = 1;
	classes = {
	};
	objectVersion = 46;
	objects = {

/* Begin PBXBuildFile section */
		7E14A4781F048790006E1F6E /* AutoLayout.storyboard in Resources */ = {isa = PBXBuildFile; fileRef = 7E14A4771F048790006E1F6E /* AutoLayout.storyboard */; };
		7E14A47B1F0499AF006E1F6E /* AutoLayoutViewController.swift in Sources */ = {isa = PBXBuildFile; fileRef = 7E14A47A1F0499AF006E1F6E /* AutoLayoutViewController.swift */; };
		7E14A47E1F049F1F006E1F6E /* Tabbar.storyboard in Resources */ = {isa = PBXBuildFile; fileRef = 7E14A47D1F049F1F006E1F6E /* Tabbar.storyboard */; };
		7E14A4801F04A2E7006E1F6E /* DetailViewController.swift in Sources */ = {isa = PBXBuildFile; fileRef = 7E14A47F1F04A2E7006E1F6E /* DetailViewController.swift */; };
		7E14A4831F04BD01006E1F6E /* AVPlayer.storyboard in Resources */ = {isa = PBXBuildFile; fileRef = 7E14A4821F04BD01006E1F6E /* AVPlayer.storyboard */; };
		7E14A4851F04BD9F006E1F6E /* AVPlayerViewController.swift in Sources */ = {isa = PBXBuildFile; fileRef = 7E14A4841F04BD9F006E1F6E /* AVPlayerViewController.swift */; };
		7E14A4871F04C18D006E1F6E /* music.mp3 in Resources */ = {isa = PBXBuildFile; fileRef = 7E14A4861F04C18D006E1F6E /* music.mp3 */; };
		7E14A48A1F04CD9C006E1F6E /* XML.storyboard in Resources */ = {isa = PBXBuildFile; fileRef = 7E14A4891F04CD9C006E1F6E /* XML.storyboard */; };
		7E14A48C1F04CE3D006E1F6E /* XmlViewController.swift in Sources */ = {isa = PBXBuildFile; fileRef = 7E14A48B1F04CE3D006E1F6E /* XmlViewController.swift */; };
		7E14A48F1F04DEF5006E1F6E /* ic_beach_access.png in Resources */ = {isa = PBXBuildFile; fileRef = 7E14A48E1F04DEF5006E1F6E /* ic_beach_access.png */; };
		7E14A4911F04FA0D006E1F6E /* Weather.storyboard in Resources */ = {isa = PBXBuildFile; fileRef = 7E14A4901F04FA0D006E1F6E /* Weather.storyboard */; };
		7E14A4931F04FA68006E1F6E /* WeatherTableViewController.swift in Sources */ = {isa = PBXBuildFile; fileRef = 7E14A4921F04FA68006E1F6E /* WeatherTableViewController.swift */; };
		7E14A4951F04FE2D006E1F6E /* WeatherTableViewCell.swift in Sources */ = {isa = PBXBuildFile; fileRef = 7E14A4941F04FE2D006E1F6E /* WeatherTableViewCell.swift */; };
		7E2339AC1F05DD57009E41EB /* WeatherDetailViewController.swift in Sources */ = {isa = PBXBuildFile; fileRef = 7E2339AB1F05DD57009E41EB /* WeatherDetailViewController.swift */; };
		7E2339B01F05E4A7009E41EB /* CoreData.storyboard in Resources */ = {isa = PBXBuildFile; fileRef = 7E2339AF1F05E4A7009E41EB /* CoreData.storyboard */; };
		7E2339B21F05E5C6009E41EB /* CoreDataViewController.swift in Sources */ = {isa = PBXBuildFile; fileRef = 7E2339B11F05E5C6009E41EB /* CoreDataViewController.swift */; };
		7E2339B51F061220009E41EB /* Map.storyboard in Resources */ = {isa = PBXBuildFile; fileRef = 7E2339B41F061220009E41EB /* Map.storyboard */; };
		7E2339B81F0612B0009E41EB /* MapViewController.swift in Sources */ = {isa = PBXBuildFile; fileRef = 7E2339B71F0612B0009E41EB /* MapViewController.swift */; };
		7E2F4DEF1F209C2200BD73F6 /* Alamofire.storyboard in Resources */ = {isa = PBXBuildFile; fileRef = 7E2F4DEE1F209C2200BD73F6 /* Alamofire.storyboard */; };
		7E2F4DF11F209CC100BD73F6 /* AlamofireViewController.swift in Sources */ = {isa = PBXBuildFile; fileRef = 7E2F4DF01F209CC100BD73F6 /* AlamofireViewController.swift */; };
		7E5027DC1F1E5F2100C63E28 /* Podcast.storyboard in Resources */ = {isa = PBXBuildFile; fileRef = 7E5027D81F1E5F2100C63E28 /* Podcast.storyboard */; };
		7E5027DD1F1E5F2100C63E28 /* PodcastPlayViewController.swift in Sources */ = {isa = PBXBuildFile; fileRef = 7E5027D91F1E5F2100C63E28 /* PodcastPlayViewController.swift */; };
		7E5027DE1F1E5F2100C63E28 /* PodcastTableViewController.swift in Sources */ = {isa = PBXBuildFile; fileRef = 7E5027DA1F1E5F2100C63E28 /* PodcastTableViewController.swift */; };
		7E5027DF1F1E5F2100C63E28 /* PodData.swift in Sources */ = {isa = PBXBuildFile; fileRef = 7E5027DB1F1E5F2100C63E28 /* PodData.swift */; };
		7E679F891F21A67800F846C6 /* Photokit.storyboard in Resources */ = {isa = PBXBuildFile; fileRef = 7E679F881F21A67800F846C6 /* Photokit.storyboard */; };
		7E679F8B1F21A79B00F846C6 /* CollectionViewController.swift in Sources */ = {isa = PBXBuildFile; fileRef = 7E679F8A1F21A79B00F846C6 /* CollectionViewController.swift */; };
		7E679F8D1F21A96F00F846C6 /* CollectionViewCell.swift in Sources */ = {isa = PBXBuildFile; fileRef = 7E679F8C1F21A96F00F846C6 /* CollectionViewCell.swift */; };
		7E679FA31F21C08B00F846C6 /* q1.jpeg in Resources */ = {isa = PBXBuildFile; fileRef = 7E679F9C1F21C08B00F846C6 /* q1.jpeg */; };
		7E679FA41F21C08B00F846C6 /* q2.jpeg in Resources */ = {isa = PBXBuildFile; fileRef = 7E679F9D1F21C08B00F846C6 /* q2.jpeg */; };
		7E679FA51F21C08B00F846C6 /* q3.jpeg in Resources */ = {isa = PBXBuildFile; fileRef = 7E679F9E1F21C08B00F846C6 /* q3.jpeg */; };
		7E679FA61F21C08B00F846C6 /* q4.jpeg in Resources */ = {isa = PBXBuildFile; fileRef = 7E679F9F1F21C08B00F846C6 /* q4.jpeg */; };
		7E679FA71F21C08B00F846C6 /* q5.jpeg in Resources */ = {isa = PBXBuildFile; fileRef = 7E679FA01F21C08B00F846C6 /* q5.jpeg */; };
		7E679FA81F21C08B00F846C6 /* q6.jpeg in Resources */ = {isa = PBXBuildFile; fileRef = 7E679FA11F21C08B00F846C6 /* q6.jpeg */; };
		7E679FA91F21C08B00F846C6 /* q7.jpeg in Resources */ = {isa = PBXBuildFile; fileRef = 7E679FA21F21C08B00F846C6 /* q7.jpeg */; };
		7E679FAC1F21E0A400F846C6 /* CollectionDetailVC.swift in Sources */ = {isa = PBXBuildFile; fileRef = 7E679FAB1F21E0A400F846C6 /* CollectionDetailVC.swift */; };
		7E999DF81F1DA2290066A9E7 /* VideoPlayer.storyboard in Resources */ = {isa = PBXBuildFile; fileRef = 7E999DF71F1DA2290066A9E7 /* VideoPlayer.storyboard */; };
		7E999DFA1F1DA2ED0066A9E7 /* VideoPlayerViewController.swift in Sources */ = {isa = PBXBuildFile; fileRef = 7E999DF91F1DA2ED0066A9E7 /* VideoPlayerViewController.swift */; };
		7EB081C31F033C2C00D0EAEC /* View2.storyboard in Resources */ = {isa = PBXBuildFile; fileRef = 7EB081C21F033C2C00D0EAEC /* View2.storyboard */; };
		7EB081C51F03447000D0EAEC /* ValueViewController.swift in Sources */ = {isa = PBXBuildFile; fileRef = 7EB081C41F03447000D0EAEC /* ValueViewController.swift */; };
		7EB081C71F03489C00D0EAEC /* ValueResultViewController.swift in Sources */ = {isa = PBXBuildFile; fileRef = 7EB081C61F03489C00D0EAEC /* ValueResultViewController.swift */; };
		7EB081CA1F036C7000D0EAEC /* AlertController.storyboard in Resources */ = {isa = PBXBuildFile; fileRef = 7EB081C91F036C7000D0EAEC /* AlertController.storyboard */; };
		7EB081CC1F036CCD00D0EAEC /* AlertViewController.swift in Sources */ = {isa = PBXBuildFile; fileRef = 7EB081CB1F036CCD00D0EAEC /* AlertViewController.swift */; };
		7EB081CF1F0376F300D0EAEC /* ImagePicker.storyboard in Resources */ = {isa = PBXBuildFile; fileRef = 7EB081CE1F0376F300D0EAEC /* ImagePicker.storyboard */; };
		7EB081D11F0377CC00D0EAEC /* ImagePickerViewController.swift in Sources */ = {isa = PBXBuildFile; fileRef = 7EB081D01F0377CC00D0EAEC /* ImagePickerViewController.swift */; };
		7EB081D51F0391D600D0EAEC /* TableView.storyboard in Resources */ = {isa = PBXBuildFile; fileRef = 7EB081D41F0391D600D0EAEC /* TableView.storyboard */; };
		7EB081D71F03949000D0EAEC /* TableViewController.swift in Sources */ = {isa = PBXBuildFile; fileRef = 7EB081D61F03949000D0EAEC /* TableViewController.swift */; };
		7EB081D91F03A1DD00D0EAEC /* home-icon.png in Resources */ = {isa = PBXBuildFile; fileRef = 7EB081D81F03A1DD00D0EAEC /* home-icon.png */; };
		7EB081DB1F03A54F00D0EAEC /* TableViewCell.swift in Sources */ = {isa = PBXBuildFile; fileRef = 7EB081DA1F03A54F00D0EAEC /* TableViewCell.swift */; };
		7EBCF1571F02292300D674A9 /* AppDelegate.swift in Sources */ = {isa = PBXBuildFile; fileRef = 7EBCF1561F02292300D674A9 /* AppDelegate.swift */; };
		7EBCF1591F02292300D674A9 /* ViewController.swift in Sources */ = {isa = PBXBuildFile; fileRef = 7EBCF1581F02292300D674A9 /* ViewController.swift */; };
		7EBCF15C1F02292300D674A9 /* Main.storyboard in Resources */ = {isa = PBXBuildFile; fileRef = 7EBCF15A1F02292300D674A9 /* Main.storyboard */; };
		7EBCF15F1F02292300D674A9 /* SwiftTutorial20170627.xcdatamodeld in Sources */ = {isa = PBXBuildFile; fileRef = 7EBCF15D1F02292300D674A9 /* SwiftTutorial20170627.xcdatamodeld */; };
		7EBCF1611F02292300D674A9 /* Assets.xcassets in Resources */ = {isa = PBXBuildFile; fileRef = 7EBCF1601F02292300D674A9 /* Assets.xcassets */; };
		7EBCF1641F02292300D674A9 /* LaunchScreen.storyboard in Resources */ = {isa = PBXBuildFile; fileRef = 7EBCF1621F02292300D674A9 /* LaunchScreen.storyboard */; };
		7EBCF16D1F02415900D674A9 /* View.storyboard in Resources */ = {isa = PBXBuildFile; fileRef = 7EBCF16C1F02415900D674A9 /* View.storyboard */; };
		7EBCF16F1F0243C800D674A9 /* VT1ViewController.swift in Sources */ = {isa = PBXBuildFile; fileRef = 7EBCF16E1F0243C800D674A9 /* VT1ViewController.swift */; };
		7EBCF1711F0248FB00D674A9 /* VT2ViewController.swift in Sources */ = {isa = PBXBuildFile; fileRef = 7EBCF1701F0248FB00D674A9 /* VT2ViewController.swift */; };
		7EBCF1731F02520000D674A9 /* VT3ViewController.swift in Sources */ = {isa = PBXBuildFile; fileRef = 7EBCF1721F02520000D674A9 /* VT3ViewController.swift */; };
		7EBCF1751F025B4B00D674A9 /* VT4ViewController.swift in Sources */ = {isa = PBXBuildFile; fileRef = 7EBCF1741F025B4B00D674A9 /* VT4ViewController.swift */; };
		9E723F035BE161BCD5ACF17F /* Pods_SwiftTutorial20170627.framework in Frameworks */ = {isa = PBXBuildFile; fileRef = 997747D49AA83A5C1CED583D /* Pods_SwiftTutorial20170627.framework */; };
/* End PBXBuildFile section */

/* Begin PBXFileReference section */
		1AEF260DC49898ACCC66D20F /* Pods-SwiftTutorial20170627.debug.xcconfig */ = {isa = PBXFileReference; includeInIndex = 1; lastKnownFileType = text.xcconfig; name = "Pods-SwiftTutorial20170627.debug.xcconfig"; path = "Pods/Target Support Files/Pods-SwiftTutorial20170627/Pods-SwiftTutorial20170627.debug.xcconfig"; sourceTree = "<group>"; };
		652B297E4A98AD8EEF29AF50 /* Pods-SwiftTutorial20170627.release.xcconfig */ = {isa = PBXFileReference; includeInIndex = 1; lastKnownFileType = text.xcconfig; name = "Pods-SwiftTutorial20170627.release.xcconfig"; path = "Pods/Target Support Files/Pods-SwiftTutorial20170627/Pods-SwiftTutorial20170627.release.xcconfig"; sourceTree = "<group>"; };
		7E14A4771F048790006E1F6E /* AutoLayout.storyboard */ = {isa = PBXFileReference; fileEncoding = 4; lastKnownFileType = file.storyboard; path = AutoLayout.storyboard; sourceTree = "<group>"; };
		7E14A47A1F0499AF006E1F6E /* AutoLayoutViewController.swift */ = {isa = PBXFileReference; fileEncoding = 4; lastKnownFileType = sourcecode.swift; path = AutoLayoutViewController.swift; sourceTree = "<group>"; };
		7E14A47D1F049F1F006E1F6E /* Tabbar.storyboard */ = {isa = PBXFileReference; fileEncoding = 4; lastKnownFileType = file.storyboard; path = Tabbar.storyboard; sourceTree = "<group>"; };
		7E14A47F1F04A2E7006E1F6E /* DetailViewController.swift */ = {isa = PBXFileReference; fileEncoding = 4; lastKnownFileType = sourcecode.swift; path = DetailViewController.swift; sourceTree = "<group>"; };
		7E14A4821F04BD01006E1F6E /* AVPlayer.storyboard */ = {isa = PBXFileReference; fileEncoding = 4; lastKnownFileType = file.storyboard; path = AVPlayer.storyboard; sourceTree = "<group>"; };
		7E14A4841F04BD9F006E1F6E /* AVPlayerViewController.swift */ = {isa = PBXFileReference; fileEncoding = 4; lastKnownFileType = sourcecode.swift; path = AVPlayerViewController.swift; sourceTree = "<group>"; };
		7E14A4861F04C18D006E1F6E /* music.mp3 */ = {isa = PBXFileReference; lastKnownFileType = audio.mp3; path = music.mp3; sourceTree = "<group>"; };
		7E14A4891F04CD9C006E1F6E /* XML.storyboard */ = {isa = PBXFileReference; fileEncoding = 4; lastKnownFileType = file.storyboard; path = XML.storyboard; sourceTree = "<group>"; };
		7E14A48B1F04CE3D006E1F6E /* XmlViewController.swift */ = {isa = PBXFileReference; fileEncoding = 4; lastKnownFileType = sourcecode.swift; path = XmlViewController.swift; sourceTree = "<group>"; };
		7E14A48E1F04DEF5006E1F6E /* ic_beach_access.png */ = {isa = PBXFileReference; lastKnownFileType = image.png; path = ic_beach_access.png; sourceTree = "<group>"; };
		7E14A4901F04FA0D006E1F6E /* Weather.storyboard */ = {isa = PBXFileReference; fileEncoding = 4; lastKnownFileType = file.storyboard; path = Weather.storyboard; sourceTree = "<group>"; };
		7E14A4921F04FA68006E1F6E /* WeatherTableViewController.swift */ = {isa = PBXFileReference; fileEncoding = 4; lastKnownFileType = sourcecode.swift; path = WeatherTableViewController.swift; sourceTree = "<group>"; };
		7E14A4941F04FE2D006E1F6E /* WeatherTableViewCell.swift */ = {isa = PBXFileReference; fileEncoding = 4; lastKnownFileType = sourcecode.swift; path = WeatherTableViewCell.swift; sourceTree = "<group>"; };
		7E2339AB1F05DD57009E41EB /* WeatherDetailViewController.swift */ = {isa = PBXFileReference; fileEncoding = 4; lastKnownFileType = sourcecode.swift; path = WeatherDetailViewController.swift; sourceTree = "<group>"; };
		7E2339AF1F05E4A7009E41EB /* CoreData.storyboard */ = {isa = PBXFileReference; fileEncoding = 4; lastKnownFileType = file.storyboard; path = CoreData.storyboard; sourceTree = "<group>"; };
		7E2339B11F05E5C6009E41EB /* CoreDataViewController.swift */ = {isa = PBXFileReference; fileEncoding = 4; lastKnownFileType = sourcecode.swift; path = CoreDataViewController.swift; sourceTree = "<group>"; };
		7E2339B41F061220009E41EB /* Map.storyboard */ = {isa = PBXFileReference; fileEncoding = 4; lastKnownFileType = file.storyboard; path = Map.storyboard; sourceTree = "<group>"; };
		7E2339B71F0612B0009E41EB /* MapViewController.swift */ = {isa = PBXFileReference; fileEncoding = 4; lastKnownFileType = sourcecode.swift; path = MapViewController.swift; sourceTree = "<group>"; };
		7E2F4DEE1F209C2200BD73F6 /* Alamofire.storyboard */ = {isa = PBXFileReference; fileEncoding = 4; lastKnownFileType = file.storyboard; path = Alamofire.storyboard; sourceTree = "<group>"; };
		7E2F4DF01F209CC100BD73F6 /* AlamofireViewController.swift */ = {isa = PBXFileReference; fileEncoding = 4; lastKnownFileType = sourcecode.swift; path = AlamofireViewController.swift; sourceTree = "<group>"; };
		7E5027D81F1E5F2100C63E28 /* Podcast.storyboard */ = {isa = PBXFileReference; fileEncoding = 4; lastKnownFileType = file.storyboard; path = Podcast.storyboard; sourceTree = "<group>"; };
		7E5027D91F1E5F2100C63E28 /* PodcastPlayViewController.swift */ = {isa = PBXFileReference; fileEncoding = 4; lastKnownFileType = sourcecode.swift; path = PodcastPlayViewController.swift; sourceTree = "<group>"; };
		7E5027DA1F1E5F2100C63E28 /* PodcastTableViewController.swift */ = {isa = PBXFileReference; fileEncoding = 4; lastKnownFileType = sourcecode.swift; path = PodcastTableViewController.swift; sourceTree = "<group>"; };
		7E5027DB1F1E5F2100C63E28 /* PodData.swift */ = {isa = PBXFileReference; fileEncoding = 4; lastKnownFileType = sourcecode.swift; path = PodData.swift; sourceTree = "<group>"; };
		7E679F881F21A67800F846C6 /* Photokit.storyboard */ = {isa = PBXFileReference; fileEncoding = 4; lastKnownFileType = file.storyboard; path = Photokit.storyboard; sourceTree = "<group>"; };
		7E679F8A1F21A79B00F846C6 /* CollectionViewController.swift */ = {isa = PBXFileReference; fileEncoding = 4; lastKnownFileType = sourcecode.swift; path = CollectionViewController.swift; sourceTree = "<group>"; };
		7E679F8C1F21A96F00F846C6 /* CollectionViewCell.swift */ = {isa = PBXFileReference; fileEncoding = 4; lastKnownFileType = sourcecode.swift; path = CollectionViewCell.swift; sourceTree = "<group>"; };
		7E679F9C1F21C08B00F846C6 /* q1.jpeg */ = {isa = PBXFileReference; lastKnownFileType = image.jpeg; path = q1.jpeg; sourceTree = "<group>"; };
		7E679F9D1F21C08B00F846C6 /* q2.jpeg */ = {isa = PBXFileReference; lastKnownFileType = image.jpeg; path = q2.jpeg; sourceTree = "<group>"; };
		7E679F9E1F21C08B00F846C6 /* q3.jpeg */ = {isa = PBXFileReference; lastKnownFileType = image.jpeg; path = q3.jpeg; sourceTree = "<group>"; };
		7E679F9F1F21C08B00F846C6 /* q4.jpeg */ = {isa = PBXFileReference; lastKnownFileType = image.jpeg; path = q4.jpeg; sourceTree = "<group>"; };
		7E679FA01F21C08B00F846C6 /* q5.jpeg */ = {isa = PBXFileReference; lastKnownFileType = image.jpeg; path = q5.jpeg; sourceTree = "<group>"; };
		7E679FA11F21C08B00F846C6 /* q6.jpeg */ = {isa = PBXFileReference; lastKnownFileType = image.jpeg; path = q6.jpeg; sourceTree = "<group>"; };
		7E679FA21F21C08B00F846C6 /* q7.jpeg */ = {isa = PBXFileReference; lastKnownFileType = image.jpeg; path = q7.jpeg; sourceTree = "<group>"; };
		7E679FAB1F21E0A400F846C6 /* CollectionDetailVC.swift */ = {isa = PBXFileReference; fileEncoding = 4; lastKnownFileType = sourcecode.swift; path = CollectionDetailVC.swift; sourceTree = "<group>"; };
		7E999DF71F1DA2290066A9E7 /* VideoPlayer.storyboard */ = {isa = PBXFileReference; fileEncoding = 4; lastKnownFileType = file.storyboard; path = VideoPlayer.storyboard; sourceTree = "<group>"; };
		7E999DF91F1DA2ED0066A9E7 /* VideoPlayerViewController.swift */ = {isa = PBXFileReference; fileEncoding = 4; lastKnownFileType = sourcecode.swift; path = VideoPlayerViewController.swift; sourceTree = "<group>"; };
		7EB081C21F033C2C00D0EAEC /* View2.storyboard */ = {isa = PBXFileReference; fileEncoding = 4; lastKnownFileType = file.storyboard; path = View2.storyboard; sourceTree = "<group>"; };
		7EB081C41F03447000D0EAEC /* ValueViewController.swift */ = {isa = PBXFileReference; fileEncoding = 4; lastKnownFileType = sourcecode.swift; path = ValueViewController.swift; sourceTree = "<group>"; };
		7EB081C61F03489C00D0EAEC /* ValueResultViewController.swift */ = {isa = PBXFileReference; fileEncoding = 4; lastKnownFileType = sourcecode.swift; path = ValueResultViewController.swift; sourceTree = "<group>"; };
		7EB081C91F036C7000D0EAEC /* AlertController.storyboard */ = {isa = PBXFileReference; fileEncoding = 4; lastKnownFileType = file.storyboard; path = AlertController.storyboard; sourceTree = "<group>"; };
		7EB081CB1F036CCD00D0EAEC /* AlertViewController.swift */ = {isa = PBXFileReference; fileEncoding = 4; lastKnownFileType = sourcecode.swift; path = AlertViewController.swift; sourceTree = "<group>"; };
		7EB081CE1F0376F300D0EAEC /* ImagePicker.storyboard */ = {isa = PBXFileReference; fileEncoding = 4; lastKnownFileType = file.storyboard; path = ImagePicker.storyboard; sourceTree = "<group>"; };
		7EB081D01F0377CC00D0EAEC /* ImagePickerViewController.swift */ = {isa = PBXFileReference; fileEncoding = 4; lastKnownFileType = sourcecode.swift; path = ImagePickerViewController.swift; sourceTree = "<group>"; };
		7EB081D41F0391D600D0EAEC /* TableView.storyboard */ = {isa = PBXFileReference; fileEncoding = 4; lastKnownFileType = file.storyboard; path = TableView.storyboard; sourceTree = "<group>"; };
		7EB081D61F03949000D0EAEC /* TableViewController.swift */ = {isa = PBXFileReference; fileEncoding = 4; lastKnownFileType = sourcecode.swift; path = TableViewController.swift; sourceTree = "<group>"; };
		7EB081D81F03A1DD00D0EAEC /* home-icon.png */ = {isa = PBXFileReference; lastKnownFileType = image.png; path = "home-icon.png"; sourceTree = "<group>"; };
		7EB081DA1F03A54F00D0EAEC /* TableViewCell.swift */ = {isa = PBXFileReference; fileEncoding = 4; lastKnownFileType = sourcecode.swift; path = TableViewCell.swift; sourceTree = "<group>"; };
		7EBCF1531F02292300D674A9 /* SwiftTutorial20170627.app */ = {isa = PBXFileReference; explicitFileType = wrapper.application; includeInIndex = 0; path = SwiftTutorial20170627.app; sourceTree = BUILT_PRODUCTS_DIR; };
		7EBCF1561F02292300D674A9 /* AppDelegate.swift */ = {isa = PBXFileReference; lastKnownFileType = sourcecode.swift; path = AppDelegate.swift; sourceTree = "<group>"; };
		7EBCF1581F02292300D674A9 /* ViewController.swift */ = {isa = PBXFileReference; lastKnownFileType = sourcecode.swift; path = ViewController.swift; sourceTree = "<group>"; };
		7EBCF15B1F02292300D674A9 /* Base */ = {isa = PBXFileReference; lastKnownFileType = file.storyboard; name = Base; path = Base.lproj/Main.storyboard; sourceTree = "<group>"; };
		7EBCF15E1F02292300D674A9 /* SwiftTutorial20170627.xcdatamodel */ = {isa = PBXFileReference; lastKnownFileType = wrapper.xcdatamodel; path = SwiftTutorial20170627.xcdatamodel; sourceTree = "<group>"; };
		7EBCF1601F02292300D674A9 /* Assets.xcassets */ = {isa = PBXFileReference; lastKnownFileType = folder.assetcatalog; path = Assets.xcassets; sourceTree = "<group>"; };
		7EBCF1631F02292300D674A9 /* Base */ = {isa = PBXFileReference; lastKnownFileType = file.storyboard; name = Base; path = Base.lproj/LaunchScreen.storyboard; sourceTree = "<group>"; };
		7EBCF1651F02292300D674A9 /* Info.plist */ = {isa = PBXFileReference; lastKnownFileType = text.plist.xml; path = Info.plist; sourceTree = "<group>"; };
		7EBCF16C1F02415900D674A9 /* View.storyboard */ = {isa = PBXFileReference; fileEncoding = 4; lastKnownFileType = file.storyboard; path = View.storyboard; sourceTree = "<group>"; };
		7EBCF16E1F0243C800D674A9 /* VT1ViewController.swift */ = {isa = PBXFileReference; fileEncoding = 4; lastKnownFileType = sourcecode.swift; path = VT1ViewController.swift; sourceTree = "<group>"; };
		7EBCF1701F0248FB00D674A9 /* VT2ViewController.swift */ = {isa = PBXFileReference; fileEncoding = 4; lastKnownFileType = sourcecode.swift; path = VT2ViewController.swift; sourceTree = "<group>"; };
		7EBCF1721F02520000D674A9 /* VT3ViewController.swift */ = {isa = PBXFileReference; fileEncoding = 4; lastKnownFileType = sourcecode.swift; path = VT3ViewController.swift; sourceTree = "<group>"; };
		7EBCF1741F025B4B00D674A9 /* VT4ViewController.swift */ = {isa = PBXFileReference; fileEncoding = 4; lastKnownFileType = sourcecode.swift; path = VT4ViewController.swift; sourceTree = "<group>"; };
		997747D49AA83A5C1CED583D /* Pods_SwiftTutorial20170627.framework */ = {isa = PBXFileReference; explicitFileType = wrapper.framework; includeInIndex = 0; path = Pods_SwiftTutorial20170627.framework; sourceTree = BUILT_PRODUCTS_DIR; };
/* End PBXFileReference section */

/* Begin PBXFrameworksBuildPhase section */
		7EBCF1501F02292300D674A9 /* Frameworks */ = {
			isa = PBXFrameworksBuildPhase;
			buildActionMask = 2147483647;
			files = (
				9E723F035BE161BCD5ACF17F /* Pods_SwiftTutorial20170627.framework in Frameworks */,
			);
			runOnlyForDeploymentPostprocessing = 0;
		};
/* End PBXFrameworksBuildPhase section */

/* Begin PBXGroup section */
		1BB0C8E1EE9D2CC90B6C4290 /* Frameworks */ = {
			isa = PBXGroup;
			children = (
				997747D49AA83A5C1CED583D /* Pods_SwiftTutorial20170627.framework */,
			);
			name = Frameworks;
			sourceTree = "<group>";
		};
		7E14A4761F04877E006E1F6E /* AutoLayout */ = {
			isa = PBXGroup;
			children = (
				7E14A4771F048790006E1F6E /* AutoLayout.storyboard */,
				7E14A47A1F0499AF006E1F6E /* AutoLayoutViewController.swift */,
			);
			name = AutoLayout;
			sourceTree = "<group>";
		};
		7E14A47C1F049F11006E1F6E /* Tabbar */ = {
			isa = PBXGroup;
			children = (
				7E14A47D1F049F1F006E1F6E /* Tabbar.storyboard */,
			);
			name = Tabbar;
			sourceTree = "<group>";
		};
		7E14A4811F04BCAD006E1F6E /* AVPlayer */ = {
			isa = PBXGroup;
			children = (
				7E14A4861F04C18D006E1F6E /* music.mp3 */,
				7E14A4821F04BD01006E1F6E /* AVPlayer.storyboard */,
				7E14A4841F04BD9F006E1F6E /* AVPlayerViewController.swift */,
			);
			name = AVPlayer;
			sourceTree = "<group>";
		};
		7E14A4881F04CD79006E1F6E /* xmlparsing */ = {
			isa = PBXGroup;
			children = (
				7E14A4891F04CD9C006E1F6E /* XML.storyboard */,
				7E14A48B1F04CE3D006E1F6E /* XmlViewController.swift */,
			);
			name = xmlparsing;
			sourceTree = "<group>";
		};
		7E14A48D1F04DE69006E1F6E /* WeatherForecast */ = {
			isa = PBXGroup;
			children = (
				7E14A48E1F04DEF5006E1F6E /* ic_beach_access.png */,
				7E14A4901F04FA0D006E1F6E /* Weather.storyboard */,
				7E14A4921F04FA68006E1F6E /* WeatherTableViewController.swift */,
				7E14A4941F04FE2D006E1F6E /* WeatherTableViewCell.swift */,
				7E2339AB1F05DD57009E41EB /* WeatherDetailViewController.swift */,
			);
			name = WeatherForecast;
			sourceTree = "<group>";
		};
		7E2339AE1F05E494009E41EB /* CoreData */ = {
			isa = PBXGroup;
			children = (
				7E2339AF1F05E4A7009E41EB /* CoreData.storyboard */,
				7E2339B11F05E5C6009E41EB /* CoreDataViewController.swift */,
			);
			name = CoreData;
			sourceTree = "<group>";
		};
		7E2339B31F061210009E41EB /* Map */ = {
			isa = PBXGroup;
			children = (
				7E2339B41F061220009E41EB /* Map.storyboard */,
				7E2339B71F0612B0009E41EB /* MapViewController.swift */,
			);
			name = Map;
			sourceTree = "<group>";
		};
		7E2F4DED1F209C0C00BD73F6 /* alamofire */ = {
			isa = PBXGroup;
			children = (
				7E2F4DEE1F209C2200BD73F6 /* Alamofire.storyboard */,
				7E2F4DF01F209CC100BD73F6 /* AlamofireViewController.swift */,
			);
			name = alamofire;
			sourceTree = "<group>";
		};
		7E5027D71F1E5EFF00C63E28 /* podcast */ = {
			isa = PBXGroup;
			children = (
				7E5027D81F1E5F2100C63E28 /* Podcast.storyboard */,
				7E5027D91F1E5F2100C63E28 /* PodcastPlayViewController.swift */,
				7E5027DA1F1E5F2100C63E28 /* PodcastTableViewController.swift */,
				7E5027DB1F1E5F2100C63E28 /* PodData.swift */,
			);
			name = podcast;
			sourceTree = "<group>";
		};
		7E679F871F21A66300F846C6 /* PhotoKit */ = {
			isa = PBXGroup;
			children = (
				7E679FAA1F21C08F00F846C6 /* image */,
				7E679F881F21A67800F846C6 /* Photokit.storyboard */,
				7E679F8A1F21A79B00F846C6 /* CollectionViewController.swift */,
				7E679F8C1F21A96F00F846C6 /* CollectionViewCell.swift */,
				7E679FAB1F21E0A400F846C6 /* CollectionDetailVC.swift */,
			);
			name = PhotoKit;
			sourceTree = "<group>";
		};
		7E679FAA1F21C08F00F846C6 /* image */ = {
			isa = PBXGroup;
			children = (
				7E679F9C1F21C08B00F846C6 /* q1.jpeg */,
				7E679F9D1F21C08B00F846C6 /* q2.jpeg */,
				7E679F9E1F21C08B00F846C6 /* q3.jpeg */,
				7E679F9F1F21C08B00F846C6 /* q4.jpeg */,
				7E679FA01F21C08B00F846C6 /* q5.jpeg */,
				7E679FA11F21C08B00F846C6 /* q6.jpeg */,
				7E679FA21F21C08B00F846C6 /* q7.jpeg */,
			);
			name = image;
			sourceTree = "<group>";
		};
		7E999DF61F1DA2120066A9E7 /* VideoPlayer */ = {
			isa = PBXGroup;
			children = (
				7E999DF71F1DA2290066A9E7 /* VideoPlayer.storyboard */,
				7E999DF91F1DA2ED0066A9E7 /* VideoPlayerViewController.swift */,
			);
			name = VideoPlayer;
			sourceTree = "<group>";
		};
		7EB081C11F033BFB00D0EAEC /* ViewChange2 */ = {
			isa = PBXGroup;
			children = (
				7EB081C21F033C2C00D0EAEC /* View2.storyboard */,
				7EB081C41F03447000D0EAEC /* ValueViewController.swift */,
				7EB081C61F03489C00D0EAEC /* ValueResultViewController.swift */,
			);
			name = ViewChange2;
			sourceTree = "<group>";
		};
		7EB081C81F036C4000D0EAEC /* AlertController */ = {
			isa = PBXGroup;
			children = (
				7EB081C91F036C7000D0EAEC /* AlertController.storyboard */,
				7EB081CB1F036CCD00D0EAEC /* AlertViewController.swift */,
			);
			name = AlertController;
			sourceTree = "<group>";
		};
		7EB081CD1F03768400D0EAEC /* ImagePickerController */ = {
			isa = PBXGroup;
			children = (
				7EB081CE1F0376F300D0EAEC /* ImagePicker.storyboard */,
				7EB081D01F0377CC00D0EAEC /* ImagePickerViewController.swift */,
			);
			name = ImagePickerController;
			sourceTree = "<group>";
		};
		7EB081D31F0391BC00D0EAEC /* TableView */ = {
			isa = PBXGroup;
			children = (
				7EB081D81F03A1DD00D0EAEC /* home-icon.png */,
				7EB081D41F0391D600D0EAEC /* TableView.storyboard */,
				7EB081D61F03949000D0EAEC /* TableViewController.swift */,
				7EB081DA1F03A54F00D0EAEC /* TableViewCell.swift */,
				7E14A47F1F04A2E7006E1F6E /* DetailViewController.swift */,
			);
			name = TableView;
			sourceTree = "<group>";
		};
		7EBCF14A1F02292300D674A9 = {
			isa = PBXGroup;
			children = (
				7EBCF1551F02292300D674A9 /* SwiftTutorial20170627 */,
				7EBCF1541F02292300D674A9 /* Products */,
				E5CA6779AFA46945E0077102 /* Pods */,
				1BB0C8E1EE9D2CC90B6C4290 /* Frameworks */,
			);
			sourceTree = "<group>";
		};
		7EBCF1541F02292300D674A9 /* Products */ = {
			isa = PBXGroup;
			children = (
				7EBCF1531F02292300D674A9 /* SwiftTutorial20170627.app */,
			);
			name = Products;
			sourceTree = "<group>";
		};
		7EBCF1551F02292300D674A9 /* SwiftTutorial20170627 */ = {
			isa = PBXGroup;
			children = (
				7E679F871F21A66300F846C6 /* PhotoKit */,
				7E2F4DED1F209C0C00BD73F6 /* alamofire */,
				7E5027D71F1E5EFF00C63E28 /* podcast */,
				7E999DF61F1DA2120066A9E7 /* VideoPlayer */,
				7E2339B31F061210009E41EB /* Map */,
				7E2339AE1F05E494009E41EB /* CoreData */,
				7E14A48D1F04DE69006E1F6E /* WeatherForecast */,
				7E14A4881F04CD79006E1F6E /* xmlparsing */,
				7E14A4811F04BCAD006E1F6E /* AVPlayer */,
				7E14A47C1F049F11006E1F6E /* Tabbar */,
				7E14A4761F04877E006E1F6E /* AutoLayout */,
				7EB081D31F0391BC00D0EAEC /* TableView */,
				7EB081CD1F03768400D0EAEC /* ImagePickerController */,
				7EB081C81F036C4000D0EAEC /* AlertController */,
				7EB081C11F033BFB00D0EAEC /* ViewChange2 */,
				7EBCF16B1F02410E00D674A9 /* ViewChange1 */,
				7EBCF1561F02292300D674A9 /* AppDelegate.swift */,
				7EBCF1581F02292300D674A9 /* ViewController.swift */,
				7EBCF15A1F02292300D674A9 /* Main.storyboard */,
				7EBCF1601F02292300D674A9 /* Assets.xcassets */,
				7EBCF1621F02292300D674A9 /* LaunchScreen.storyboard */,
				7EBCF1651F02292300D674A9 /* Info.plist */,
				7EBCF15D1F02292300D674A9 /* SwiftTutorial20170627.xcdatamodeld */,
			);
			path = SwiftTutorial20170627;
			sourceTree = "<group>";
		};
		7EBCF16B1F02410E00D674A9 /* ViewChange1 */ = {
			isa = PBXGroup;
			children = (
				7EBCF16C1F02415900D674A9 /* View.storyboard */,
				7EBCF16E1F0243C800D674A9 /* VT1ViewController.swift */,
				7EBCF1701F0248FB00D674A9 /* VT2ViewController.swift */,
				7EBCF1721F02520000D674A9 /* VT3ViewController.swift */,
				7EBCF1741F025B4B00D674A9 /* VT4ViewController.swift */,
			);
			name = ViewChange1;
			sourceTree = "<group>";
		};
		E5CA6779AFA46945E0077102 /* Pods */ = {
			isa = PBXGroup;
			children = (
				1AEF260DC49898ACCC66D20F /* Pods-SwiftTutorial20170627.debug.xcconfig */,
				652B297E4A98AD8EEF29AF50 /* Pods-SwiftTutorial20170627.release.xcconfig */,
			);
			name = Pods;
			sourceTree = "<group>";
		};
/* End PBXGroup section */

/* Begin PBXNativeTarget section */
		7EBCF1521F02292300D674A9 /* SwiftTutorial20170627 */ = {
			isa = PBXNativeTarget;
			buildConfigurationList = 7EBCF1681F02292300D674A9 /* Build configuration list for PBXNativeTarget "SwiftTutorial20170627" */;
			buildPhases = (
				B213D191F36AED5569300820 /* [CP] Check Pods Manifest.lock */,
				7EBCF14F1F02292300D674A9 /* Sources */,
				7EBCF1501F02292300D674A9 /* Frameworks */,
				7EBCF1511F02292300D674A9 /* Resources */,
				E7ACB0FD1DEA204316F71671 /* [CP] Embed Pods Frameworks */,
				6FE43AB541F63299F6E0D8DC /* [CP] Copy Pods Resources */,
			);
			buildRules = (
			);
			dependencies = (
			);
			name = SwiftTutorial20170627;
			productName = SwiftTutorial20170627;
			productReference = 7EBCF1531F02292300D674A9 /* SwiftTutorial20170627.app */;
			productType = "com.apple.product-type.application";
		};
/* End PBXNativeTarget section */

/* Begin PBXProject section */
		7EBCF14B1F02292300D674A9 /* Project object */ = {
			isa = PBXProject;
			attributes = {
				LastSwiftUpdateCheck = 0830;
				LastUpgradeCheck = 0830;
				ORGANIZATIONNAME = ParkD;
				TargetAttributes = {
					7EBCF1521F02292300D674A9 = {
						CreatedOnToolsVersion = 8.3;
						DevelopmentTeam = 83GBZ9Q6H4;
						ProvisioningStyle = Automatic;
					};
				};
			};
			buildConfigurationList = 7EBCF14E1F02292300D674A9 /* Build configuration list for PBXProject "SwiftTutorial20170627" */;
			compatibilityVersion = "Xcode 3.2";
			developmentRegion = English;
			hasScannedForEncodings = 0;
			knownRegions = (
				en,
				Base,
			);
			mainGroup = 7EBCF14A1F02292300D674A9;
			productRefGroup = 7EBCF1541F02292300D674A9 /* Products */;
			projectDirPath = "";
			projectRoot = "";
			targets = (
				7EBCF1521F02292300D674A9 /* SwiftTutorial20170627 */,
			);
		};
/* End PBXProject section */

/* Begin PBXResourcesBuildPhase section */
		7EBCF1511F02292300D674A9 /* Resources */ = {
			isa = PBXResourcesBuildPhase;
			buildActionMask = 2147483647;
			files = (
				7E679FA31F21C08B00F846C6 /* q1.jpeg in Resources */,
				7EBCF1641F02292300D674A9 /* LaunchScreen.storyboard in Resources */,
				7E14A4781F048790006E1F6E /* AutoLayout.storyboard in Resources */,
				7EB081CA1F036C7000D0EAEC /* AlertController.storyboard in Resources */,
				7E679FA51F21C08B00F846C6 /* q3.jpeg in Resources */,
				7E14A48F1F04DEF5006E1F6E /* ic_beach_access.png in Resources */,
				7E679FA61F21C08B00F846C6 /* q4.jpeg in Resources */,
				7E679FA91F21C08B00F846C6 /* q7.jpeg in Resources */,
				7E2339B01F05E4A7009E41EB /* CoreData.storyboard in Resources */,
				7E679FA41F21C08B00F846C6 /* q2.jpeg in Resources */,
				7EB081CF1F0376F300D0EAEC /* ImagePicker.storyboard in Resources */,
				7E679FA81F21C08B00F846C6 /* q6.jpeg in Resources */,
				7E999DF81F1DA2290066A9E7 /* VideoPlayer.storyboard in Resources */,
				7EBCF16D1F02415900D674A9 /* View.storyboard in Resources */,
				7E679F891F21A67800F846C6 /* Photokit.storyboard in Resources */,
				7EB081D91F03A1DD00D0EAEC /* home-icon.png in Resources */,
				7E14A4871F04C18D006E1F6E /* music.mp3 in Resources */,
				7EBCF1611F02292300D674A9 /* Assets.xcassets in Resources */,
				7E5027DC1F1E5F2100C63E28 /* Podcast.storyboard in Resources */,
				7E2F4DEF1F209C2200BD73F6 /* Alamofire.storyboard in Resources */,
				7E679FA71F21C08B00F846C6 /* q5.jpeg in Resources */,
				7E14A4911F04FA0D006E1F6E /* Weather.storyboard in Resources */,
				7E2339B51F061220009E41EB /* Map.storyboard in Resources */,
				7E14A47E1F049F1F006E1F6E /* Tabbar.storyboard in Resources */,
				7EB081C31F033C2C00D0EAEC /* View2.storyboard in Resources */,
				7EB081D51F0391D600D0EAEC /* TableView.storyboard in Resources */,
				7E14A4831F04BD01006E1F6E /* AVPlayer.storyboard in Resources */,
				7E14A48A1F04CD9C006E1F6E /* XML.storyboard in Resources */,
				7EBCF15C1F02292300D674A9 /* Main.storyboard in Resources */,
			);
			runOnlyForDeploymentPostprocessing = 0;
		};
/* End PBXResourcesBuildPhase section */

/* Begin PBXShellScriptBuildPhase section */
		6FE43AB541F63299F6E0D8DC /* [CP] Copy Pods Resources */ = {
			isa = PBXShellScriptBuildPhase;
			buildActionMask = 2147483647;
			files = (
			);
			inputPaths = (
			);
			name = "[CP] Copy Pods Resources";
			outputPaths = (
			);
			runOnlyForDeploymentPostprocessing = 0;
			shellPath = /bin/sh;
			shellScript = "\"${SRCROOT}/Pods/Target Support Files/Pods-SwiftTutorial20170627/Pods-SwiftTutorial20170627-resources.sh\"\n";
			showEnvVarsInLog = 0;
		};
		B213D191F36AED5569300820 /* [CP] Check Pods Manifest.lock */ = {
			isa = PBXShellScriptBuildPhase;
			buildActionMask = 2147483647;
			files = (
			);
			inputPaths = (
			);
			name = "[CP] Check Pods Manifest.lock";
			outputPaths = (
			);
			runOnlyForDeploymentPostprocessing = 0;
			shellPath = /bin/sh;
			shellScript = "diff \"${PODS_PODFILE_DIR_PATH}/Podfile.lock\" \"${PODS_ROOT}/Manifest.lock\" > /dev/null\nif [ $? != 0 ] ; then\n    # print error to STDERR\n    echo \"error: The sandbox is not in sync with the Podfile.lock. Run 'pod install' or update your CocoaPods installation.\" >&2\n    exit 1\nfi\n";
			showEnvVarsInLog = 0;
		};
		E7ACB0FD1DEA204316F71671 /* [CP] Embed Pods Frameworks */ = {
			isa = PBXShellScriptBuildPhase;
			buildActionMask = 2147483647;
			files = (
			);
			inputPaths = (
			);
			name = "[CP] Embed Pods Frameworks";
			outputPaths = (
			);
			runOnlyForDeploymentPostprocessing = 0;
			shellPath = /bin/sh;
			shellScript = "\"${SRCROOT}/Pods/Target Support Files/Pods-SwiftTutorial20170627/Pods-SwiftTutorial20170627-frameworks.sh\"\n";
			showEnvVarsInLog = 0;
		};
/* End PBXShellScriptBuildPhase section */

/* Begin PBXSourcesBuildPhase section */
		7EBCF14F1F02292300D674A9 /* Sources */ = {
			isa = PBXSourcesBuildPhase;
			buildActionMask = 2147483647;
			files = (
				7EB081DB1F03A54F00D0EAEC /* TableViewCell.swift in Sources */,
				7EB081C51F03447000D0EAEC /* ValueViewController.swift in Sources */,
				7EBCF1731F02520000D674A9 /* VT3ViewController.swift in Sources */,
				7E2339B21F05E5C6009E41EB /* CoreDataViewController.swift in Sources */,
				7E679F8B1F21A79B00F846C6 /* CollectionViewController.swift in Sources */,
				7EBCF16F1F0243C800D674A9 /* VT1ViewController.swift in Sources */,
				7E5027DD1F1E5F2100C63E28 /* PodcastPlayViewController.swift in Sources */,
				7EB081CC1F036CCD00D0EAEC /* AlertViewController.swift in Sources */,
				7E14A4951F04FE2D006E1F6E /* WeatherTableViewCell.swift in Sources */,
				7EBCF15F1F02292300D674A9 /* SwiftTutorial20170627.xcdatamodeld in Sources */,
				7EB081D11F0377CC00D0EAEC /* ImagePickerViewController.swift in Sources */,
				7E14A47B1F0499AF006E1F6E /* AutoLayoutViewController.swift in Sources */,
				7EB081C71F03489C00D0EAEC /* ValueResultViewController.swift in Sources */,
				7E2339B81F0612B0009E41EB /* MapViewController.swift in Sources */,
				7E2F4DF11F209CC100BD73F6 /* AlamofireViewController.swift in Sources */,
				7E999DFA1F1DA2ED0066A9E7 /* VideoPlayerViewController.swift in Sources */,
				7EB081D71F03949000D0EAEC /* TableViewController.swift in Sources */,
				7E14A4931F04FA68006E1F6E /* WeatherTableViewController.swift in Sources */,
				7E679F8D1F21A96F00F846C6 /* CollectionViewCell.swift in Sources */,
				7E14A4851F04BD9F006E1F6E /* AVPlayerViewController.swift in Sources */,
				7EBCF1711F0248FB00D674A9 /* VT2ViewController.swift in Sources */,
				7E5027DE1F1E5F2100C63E28 /* PodcastTableViewController.swift in Sources */,
				7EBCF1591F02292300D674A9 /* ViewController.swift in Sources */,
				7E679FAC1F21E0A400F846C6 /* CollectionDetailVC.swift in Sources */,
				7E14A4801F04A2E7006E1F6E /* DetailViewController.swift in Sources */,
				7EBCF1571F02292300D674A9 /* AppDelegate.swift in Sources */,
				7E14A48C1F04CE3D006E1F6E /* XmlViewController.swift in Sources */,
				7E2339AC1F05DD57009E41EB /* WeatherDetailViewController.swift in Sources */,
				7EBCF1751F025B4B00D674A9 /* VT4ViewController.swift in Sources */,
				7E5027DF1F1E5F2100C63E28 /* PodData.swift in Sources */,
			);
			runOnlyForDeploymentPostprocessing = 0;
		};
/* End PBXSourcesBuildPhase section */

/* Begin PBXVariantGroup section */
		7EBCF15A1F02292300D674A9 /* Main.storyboard */ = {
			isa = PBXVariantGroup;
			children = (
				7EBCF15B1F02292300D674A9 /* Base */,
			);
			name = Main.storyboard;
			sourceTree = "<group>";
		};
		7EBCF1621F02292300D674A9 /* LaunchScreen.storyboard */ = {
			isa = PBXVariantGroup;
			children = (
				7EBCF1631F02292300D674A9 /* Base */,
			);
			name = LaunchScreen.storyboard;
			sourceTree = "<group>";
		};
/* End PBXVariantGroup section */

/* Begin XCBuildConfiguration section */
		7EBCF1661F02292300D674A9 /* Debug */ = {
			isa = XCBuildConfiguration;
			buildSettings = {
				ALWAYS_SEARCH_USER_PATHS = NO;
				CLANG_ANALYZER_NONNULL = YES;
				CLANG_ANALYZER_NUMBER_OBJECT_CONVERSION = YES_AGGRESSIVE;
				CLANG_CXX_LANGUAGE_STANDARD = "gnu++0x";
				CLANG_CXX_LIBRARY = "libc++";
				CLANG_ENABLE_MODULES = YES;
				CLANG_ENABLE_OBJC_ARC = YES;
				CLANG_WARN_BOOL_CONVERSION = YES;
				CLANG_WARN_CONSTANT_CONVERSION = YES;
				CLANG_WARN_DIRECT_OBJC_ISA_USAGE = YES_ERROR;
				CLANG_WARN_DOCUMENTATION_COMMENTS = YES;
				CLANG_WARN_EMPTY_BODY = YES;
				CLANG_WARN_ENUM_CONVERSION = YES;
				CLANG_WARN_INFINITE_RECURSION = YES;
				CLANG_WARN_INT_CONVERSION = YES;
				CLANG_WARN_OBJC_ROOT_CLASS = YES_ERROR;
				CLANG_WARN_SUSPICIOUS_MOVE = YES;
				CLANG_WARN_UNREACHABLE_CODE = YES;
				CLANG_WARN__DUPLICATE_METHOD_MATCH = YES;
				"CODE_SIGN_IDENTITY[sdk=iphoneos*]" = "iPhone Developer";
				COPY_PHASE_STRIP = NO;
				DEBUG_INFORMATION_FORMAT = dwarf;
				ENABLE_STRICT_OBJC_MSGSEND = YES;
				ENABLE_TESTABILITY = YES;
				GCC_C_LANGUAGE_STANDARD = gnu99;
				GCC_DYNAMIC_NO_PIC = NO;
				GCC_NO_COMMON_BLOCKS = YES;
				GCC_OPTIMIZATION_LEVEL = 0;
				GCC_PREPROCESSOR_DEFINITIONS = (
					"DEBUG=1",
					"$(inherited)",
				);
				GCC_WARN_64_TO_32_BIT_CONVERSION = YES;
				GCC_WARN_ABOUT_RETURN_TYPE = YES_ERROR;
				GCC_WARN_UNDECLARED_SELECTOR = YES;
				GCC_WARN_UNINITIALIZED_AUTOS = YES_AGGRESSIVE;
				GCC_WARN_UNUSED_FUNCTION = YES;
				GCC_WARN_UNUSED_VARIABLE = YES;
				IPHONEOS_DEPLOYMENT_TARGET = 10.3;
				MTL_ENABLE_DEBUG_INFO = YES;
				ONLY_ACTIVE_ARCH = YES;
				SDKROOT = iphoneos;
				SWIFT_ACTIVE_COMPILATION_CONDITIONS = DEBUG;
				SWIFT_OPTIMIZATION_LEVEL = "-Onone";
			};
			name = Debug;
		};
		7EBCF1671F02292300D674A9 /* Release */ = {
			isa = XCBuildConfiguration;
			buildSettings = {
				ALWAYS_SEARCH_USER_PATHS = NO;
				CLANG_ANALYZER_NONNULL = YES;
				CLANG_ANALYZER_NUMBER_OBJECT_CONVERSION = YES_AGGRESSIVE;
				CLANG_CXX_LANGUAGE_STANDARD = "gnu++0x";
				CLANG_CXX_LIBRARY = "libc++";
				CLANG_ENABLE_MODULES = YES;
				CLANG_ENABLE_OBJC_ARC = YES;
				CLANG_WARN_BOOL_CONVERSION = YES;
				CLANG_WARN_CONSTANT_CONVERSION = YES;
				CLANG_WARN_DIRECT_OBJC_ISA_USAGE = YES_ERROR;
				CLANG_WARN_DOCUMENTATION_COMMENTS = YES;
				CLANG_WARN_EMPTY_BODY = YES;
				CLANG_WARN_ENUM_CONVERSION = YES;
				CLANG_WARN_INFINITE_RECURSION = YES;
				CLANG_WARN_INT_CONVERSION = YES;
				CLANG_WARN_OBJC_ROOT_CLASS = YES_ERROR;
				CLANG_WARN_SUSPICIOUS_MOVE = YES;
				CLANG_WARN_UNREACHABLE_CODE = YES;
				CLANG_WARN__DUPLICATE_METHOD_MATCH = YES;
				"CODE_SIGN_IDENTITY[sdk=iphoneos*]" = "iPhone Developer";
				COPY_PHASE_STRIP = NO;
				DEBUG_INFORMATION_FORMAT = "dwarf-with-dsym";
				ENABLE_NS_ASSERTIONS = NO;
				ENABLE_STRICT_OBJC_MSGSEND = YES;
				GCC_C_LANGUAGE_STANDARD = gnu99;
				GCC_NO_COMMON_BLOCKS = YES;
				GCC_WARN_64_TO_32_BIT_CONVERSION = YES;
				GCC_WARN_ABOUT_RETURN_TYPE = YES_ERROR;
				GCC_WARN_UNDECLARED_SELECTOR = YES;
				GCC_WARN_UNINITIALIZED_AUTOS = YES_AGGRESSIVE;
				GCC_WARN_UNUSED_FUNCTION = YES;
				GCC_WARN_UNUSED_VARIABLE = YES;
				IPHONEOS_DEPLOYMENT_TARGET = 10.3;
				MTL_ENABLE_DEBUG_INFO = NO;
				SDKROOT = iphoneos;
				SWIFT_OPTIMIZATION_LEVEL = "-Owholemodule";
				VALIDATE_PRODUCT = YES;
			};
			name = Release;
		};
		7EBCF1691F02292300D674A9 /* Debug */ = {
			isa = XCBuildConfiguration;
			baseConfigurationReference = 1AEF260DC49898ACCC66D20F /* Pods-SwiftTutorial20170627.debug.xcconfig */;
			buildSettings = {
				ASSETCATALOG_COMPILER_APPICON_NAME = AppIcon;
				DEVELOPMENT_TEAM = 83GBZ9Q6H4;
				INFOPLIST_FILE = SwiftTutorial20170627/Info.plist;
				LD_RUNPATH_SEARCH_PATHS = "$(inherited) @executable_path/Frameworks";
				PRODUCT_BUNDLE_IDENTIFIER = co.kr.jhjh5500.myut.SwiftTutorial20170627;
				PRODUCT_NAME = "$(TARGET_NAME)";
				SWIFT_VERSION = 3.0;
			};
			name = Debug;
		};
		7EBCF16A1F02292300D674A9 /* Release */ = {
			isa = XCBuildConfiguration;
			baseConfigurationReference = 652B297E4A98AD8EEF29AF50 /* Pods-SwiftTutorial20170627.release.xcconfig */;
			buildSettings = {
				ASSETCATALOG_COMPILER_APPICON_NAME = AppIcon;
				DEVELOPMENT_TEAM = 83GBZ9Q6H4;
				INFOPLIST_FILE = SwiftTutorial20170627/Info.plist;
				LD_RUNPATH_SEARCH_PATHS = "$(inherited) @executable_path/Frameworks";
				PRODUCT_BUNDLE_IDENTIFIER = co.kr.jhjh5500.myut.SwiftTutorial20170627;
				PRODUCT_NAME = "$(TARGET_NAME)";
				SWIFT_VERSION = 3.0;
			};
			name = Release;
		};
/* End XCBuildConfiguration section */

/* Begin XCConfigurationList section */
		7EBCF14E1F02292300D674A9 /* Build configuration list for PBXProject "SwiftTutorial20170627" */ = {
			isa = XCConfigurationList;
			buildConfigurations = (
				7EBCF1661F02292300D674A9 /* Debug */,
				7EBCF1671F02292300D674A9 /* Release */,
			);
			defaultConfigurationIsVisible = 0;
			defaultConfigurationName = Release;
		};
		7EBCF1681F02292300D674A9 /* Build configuration list for PBXNativeTarget "SwiftTutorial20170627" */ = {
			isa = XCConfigurationList;
			buildConfigurations = (
				7EBCF1691F02292300D674A9 /* Debug */,
				7EBCF16A1F02292300D674A9 /* Release */,
			);
			defaultConfigurationIsVisible = 0;
			defaultConfigurationName = Release;
		};
/* End XCConfigurationList section */

/* Begin XCVersionGroup section */
		7EBCF15D1F02292300D674A9 /* SwiftTutorial20170627.xcdatamodeld */ = {
			isa = XCVersionGroup;
			children = (
				7EBCF15E1F02292300D674A9 /* SwiftTutorial20170627.xcdatamodel */,
			);
			currentVersion = 7EBCF15E1F02292300D674A9 /* SwiftTutorial20170627.xcdatamodel */;
			path = SwiftTutorial20170627.xcdatamodeld;
			sourceTree = "<group>";
			versionGroupType = wrapper.xcdatamodel;
		};
/* End XCVersionGroup section */
	};
	rootObject = 7EBCF14B1F02292300D674A9 /* Project object */;
}
